
Microsoft Visual Studio Solution File, Format Version 12.00
# Visual Studio Version 16
VisualStudioVersion = 16.0.30611.23
MinimumVisualStudioVersion = 10.0.40219.1
Project("{FAE04EC0-301F-11D3-BF4B-00C04F79EFBC}") = "BitmapSepia", "BitmapSepia.csproj", "{6647C14B-E877-4E92-990D-B134436276CD}"
EndProject
Global
	GlobalSection(SolutionConfigurationPlatforms) = preSolution
		Debug|Any CPU = Debug|Any CPU
		Debug|x64 = Debug|x64
		Release|Any CPU = Release|Any CPU
		Release|x64 = Release|x64
	EndGlobalSection
	GlobalSection(ProjectConfigurationPlatforms) = postSolution
		{6647C14B-E877-4E92-990D-B134436276CD}.Debug|Any CPU.ActiveCfg = Debug|Any CPU
		{6647C14B-E877-4E92-990D-B134436276CD}.Debug|Any CPU.Build.0 = Debug|Any CPU
		{6647C14B-E877-4E92-990D-B134436276CD}.Debug|x64.ActiveCfg = Debug|x64
		{6647C14B-E877-4E92-990D-B134436276CD}.Debug|x64.Build.0 = Debug|x64
		{6647C14B-E877-4E92-990D-B134436276CD}.Release|Any CPU.ActiveCfg = Release|Any CPU
		{6647C14B-E877-4E92-990D-B134436276CD}.Release|Any CPU.Build.0 = Release|Any CPU
		{6647C14B-E877-4E92-990D-B134436276CD}.Release|x64.ActiveCfg = Release|x64
		{6647C14B-E877-4E92-990D-B134436276CD}.Release|x64.Build.0 = Release|x64
	EndGlobalSection
	GlobalSection(SolutionProperties) = preSolution
		HideSolutionNode = FALSE
	EndGlobalSection
	GlobalSection(ExtensibilityGlobals) = postSolution
		SolutionGuid = {CEBE83C5-3420-40C0-AD2A-A43F15F879F0}
	EndGlobalSection
EndGlobal
